
Microsoft Visual Studio Solution File, Format Version 12.00
# Visual Studio Version 16
VisualStudioVersion = 16.0.29020.237
MinimumVisualStudioVersion = 10.0.40219.1
Project("{FAE04EC0-301F-11D3-BF4B-00C04F79EFBC}") = "NUnitTestWithSelenium", "NUnitTestWithSelenium\NUnitTestWithSelenium.csproj", "{48AC2BC9-7D4B-40BA-9D38-ABDA6951D9DA}"
EndProject
Global
	GlobalSection(SolutionConfigurationPlatforms) = preSolution
		Debug|Any CPU = Debug|Any CPU
		Release|Any CPU = Release|Any CPU
	EndGlobalSection
	GlobalSection(ProjectConfigurationPlatforms) = postSolution
		{48AC2BC9-7D4B-40BA-9D38-ABDA6951D9DA}.Debug|Any CPU.ActiveCfg = Debug|Any CPU
		{48AC2BC9-7D4B-40BA-9D38-ABDA6951D9DA}.Debug|Any CPU.Build.0 = Debug|Any CPU
		{48AC2BC9-7D4B-40BA-9D38-ABDA6951D9DA}.Release|Any CPU.ActiveCfg = Release|Any CPU
		{48AC2BC9-7D4B-40BA-9D38-ABDA6951D9DA}.Release|Any CPU.Build.0 = Release|Any CPU
	EndGlobalSection
	GlobalSection(SolutionProperties) = preSolution
		HideSolutionNode = FALSE
	EndGlobalSection
	GlobalSection(ExtensibilityGlobals) = postSolution
		SolutionGuid = {70AC0152-BA20-47F0-878A-6A3AEC589AA1}
	EndGlobalSection
EndGlobal
